
Microsoft Visual Studio Solution File, Format Version 12.00
# Visual Studio Version 17
VisualStudioVersion = 17.0.31903.59
MinimumVisualStudioVersion = 10.0.40219.1
Project("{FAE04EC0-301F-11D3-BF4B-00C04F79EFBC}") = "Restaurants.API", "Restaurants.API\Restaurants.API.csproj", "{C3F3C009-088E-4BA1-18AC-FD16FAA7DCC4}"
EndProject
Project("{FAE04EC0-301F-11D3-BF4B-00C04F79EFBC}") = "Restaurants.Domain", "Restaurants.Domain\Restaurants.Domain.csproj", "{D96ABF68-B6DE-4134-AC2F-AA7D6EFCC303}"
EndProject
Project("{FAE04EC0-301F-11D3-BF4B-00C04F79EFBC}") = "Restaurants.Application", "Restaurants.Application\Restaurants.Application.csproj", "{6BD75F3E-7F6F-4C58-AEC4-A453CB8F3173}"
EndProject
Project("{FAE04EC0-301F-11D3-BF4B-00C04F79EFBC}") = "Restaurants.Infrastructure", "Restaurannts.Infrastructure\Restaurants.Infrastructure.csproj", "{5FDF45C6-EB32-4D48-92EF-E07B7FE01CF3}"
EndProject
Global
	GlobalSection(SolutionConfigurationPlatforms) = preSolution
		Debug|Any CPU = Debug|Any CPU
		Release|Any CPU = Release|Any CPU
	EndGlobalSection
	GlobalSection(ProjectConfigurationPlatforms) = postSolution
		{C3F3C009-088E-4BA1-18AC-FD16FAA7DCC4}.Debug|Any CPU.ActiveCfg = Debug|Any CPU
		{C3F3C009-088E-4BA1-18AC-FD16FAA7DCC4}.Debug|Any CPU.Build.0 = Debug|Any CPU
		{C3F3C009-088E-4BA1-18AC-FD16FAA7DCC4}.Release|Any CPU.ActiveCfg = Release|Any CPU
		{C3F3C009-088E-4BA1-18AC-FD16FAA7DCC4}.Release|Any CPU.Build.0 = Release|Any CPU
		{D96ABF68-B6DE-4134-AC2F-AA7D6EFCC303}.Debug|Any CPU.ActiveCfg = Debug|Any CPU
		{D96ABF68-B6DE-4134-AC2F-AA7D6EFCC303}.Debug|Any CPU.Build.0 = Debug|Any CPU
		{D96ABF68-B6DE-4134-AC2F-AA7D6EFCC303}.Release|Any CPU.ActiveCfg = Release|Any CPU
		{D96ABF68-B6DE-4134-AC2F-AA7D6EFCC303}.Release|Any CPU.Build.0 = Release|Any CPU
		{6BD75F3E-7F6F-4C58-AEC4-A453CB8F3173}.Debug|Any CPU.ActiveCfg = Debug|Any CPU
		{6BD75F3E-7F6F-4C58-AEC4-A453CB8F3173}.Debug|Any CPU.Build.0 = Debug|Any CPU
		{6BD75F3E-7F6F-4C58-AEC4-A453CB8F3173}.Release|Any CPU.ActiveCfg = Release|Any CPU
		{6BD75F3E-7F6F-4C58-AEC4-A453CB8F3173}.Release|Any CPU.Build.0 = Release|Any CPU
		{5FDF45C6-EB32-4D48-92EF-E07B7FE01CF3}.Debug|Any CPU.ActiveCfg = Debug|Any CPU
		{5FDF45C6-EB32-4D48-92EF-E07B7FE01CF3}.Debug|Any CPU.Build.0 = Debug|Any CPU
		{5FDF45C6-EB32-4D48-92EF-E07B7FE01CF3}.Release|Any CPU.ActiveCfg = Release|Any CPU
		{5FDF45C6-EB32-4D48-92EF-E07B7FE01CF3}.Release|Any CPU.Build.0 = Release|Any CPU
	EndGlobalSection
	GlobalSection(SolutionProperties) = preSolution
		HideSolutionNode = FALSE
	EndGlobalSection
	GlobalSection(ExtensibilityGlobals) = postSolution
		SolutionGuid = {70142F6C-1CF3-4D29-B32A-464185919234}
	EndGlobalSection
EndGlobal
